
Microsoft Visual Studio Solution File, Format Version 12.00
# Visual Studio Version 17
VisualStudioVersion = 17.5.33424.131
MinimumVisualStudioVersion = 10.0.40219.1
Project("{FAE04EC0-301F-11D3-BF4B-00C04F79EFBC}") = "BaiThucHanhBuoi1", "BaiThucHanhBuoi1\BaiThucHanhBuoi1.csproj", "{44426B83-E50A-419D-BEE1-BF3365B0E9F3}"
EndProject
Project("{FAE04EC0-301F-11D3-BF4B-00C04F79EFBC}") = "Bai2", "Bai2\Bai2.csproj", "{57F78FEA-BC69-47D6-8CD1-170D53D731FE}"
EndProject
Project("{FAE04EC0-301F-11D3-BF4B-00C04F79EFBC}") = "BaiTapThietKeForm", "BaiTapThietKeForm\BaiTapThietKeForm.csproj", "{8D575536-A241-4F3F-879A-19907DB0CB88}"
EndProject
Project("{FAE04EC0-301F-11D3-BF4B-00C04F79EFBC}") = "BaiTapWindowsForm", "BaiTapWindowsForm\BaiTapWindowsForm.csproj", "{3DBD97CB-D032-4A8A-80DB-C1DBA5072A2A}"
EndProject
Global
	GlobalSection(SolutionConfigurationPlatforms) = preSolution
		Debug|Any CPU = Debug|Any CPU
		Release|Any CPU = Release|Any CPU
	EndGlobalSection
	GlobalSection(ProjectConfigurationPlatforms) = postSolution
		{44426B83-E50A-419D-BEE1-BF3365B0E9F3}.Debug|Any CPU.ActiveCfg = Debug|Any CPU
		{44426B83-E50A-419D-BEE1-BF3365B0E9F3}.Debug|Any CPU.Build.0 = Debug|Any CPU
		{44426B83-E50A-419D-BEE1-BF3365B0E9F3}.Release|Any CPU.ActiveCfg = Release|Any CPU
		{44426B83-E50A-419D-BEE1-BF3365B0E9F3}.Release|Any CPU.Build.0 = Release|Any CPU
		{57F78FEA-BC69-47D6-8CD1-170D53D731FE}.Debug|Any CPU.ActiveCfg = Debug|Any CPU
		{57F78FEA-BC69-47D6-8CD1-170D53D731FE}.Debug|Any CPU.Build.0 = Debug|Any CPU
		{57F78FEA-BC69-47D6-8CD1-170D53D731FE}.Release|Any CPU.ActiveCfg = Release|Any CPU
		{57F78FEA-BC69-47D6-8CD1-170D53D731FE}.Release|Any CPU.Build.0 = Release|Any CPU
		{8D575536-A241-4F3F-879A-19907DB0CB88}.Debug|Any CPU.ActiveCfg = Debug|Any CPU
		{8D575536-A241-4F3F-879A-19907DB0CB88}.Debug|Any CPU.Build.0 = Debug|Any CPU
		{8D575536-A241-4F3F-879A-19907DB0CB88}.Release|Any CPU.ActiveCfg = Release|Any CPU
		{8D575536-A241-4F3F-879A-19907DB0CB88}.Release|Any CPU.Build.0 = Release|Any CPU
		{3DBD97CB-D032-4A8A-80DB-C1DBA5072A2A}.Debug|Any CPU.ActiveCfg = Debug|Any CPU
		{3DBD97CB-D032-4A8A-80DB-C1DBA5072A2A}.Debug|Any CPU.Build.0 = Debug|Any CPU
		{3DBD97CB-D032-4A8A-80DB-C1DBA5072A2A}.Release|Any CPU.ActiveCfg = Release|Any CPU
		{3DBD97CB-D032-4A8A-80DB-C1DBA5072A2A}.Release|Any CPU.Build.0 = Release|Any CPU
	EndGlobalSection
	GlobalSection(SolutionProperties) = preSolution
		HideSolutionNode = FALSE
	EndGlobalSection
	GlobalSection(ExtensibilityGlobals) = postSolution
		SolutionGuid = {BCD20E30-B495-4961-BDDB-39078DEB427B}
	EndGlobalSection
EndGlobal
